
Microsoft Visual Studio Solution File, Format Version 12.00
# Visual Studio 14
VisualStudioVersion = 14.0.22823.1
MinimumVisualStudioVersion = 10.0.40219.1
Project("{FAE04EC0-301F-11D3-BF4B-00C04F79EFBC}") = "RoslynTalk", "RoslynTalk\RoslynTalk.csproj", "{B5528E4E-619A-467E-B033-860C9B8C32BE}"
EndProject
Project("{FAE04EC0-301F-11D3-BF4B-00C04F79EFBC}") = "CodeFix", "CodeFix\CodeFix.csproj", "{23D14154-DDEE-4A86-B61C-4F03BA5AFBC7}"
EndProject
Global
	GlobalSection(SolutionConfigurationPlatforms) = preSolution
		Debug|Any CPU = Debug|Any CPU
		Release|Any CPU = Release|Any CPU
	EndGlobalSection
	GlobalSection(ProjectConfigurationPlatforms) = postSolution
		{B5528E4E-619A-467E-B033-860C9B8C32BE}.Debug|Any CPU.ActiveCfg = Debug|Any CPU
		{B5528E4E-619A-467E-B033-860C9B8C32BE}.Debug|Any CPU.Build.0 = Debug|Any CPU
		{B5528E4E-619A-467E-B033-860C9B8C32BE}.Release|Any CPU.ActiveCfg = Release|Any CPU
		{B5528E4E-619A-467E-B033-860C9B8C32BE}.Release|Any CPU.Build.0 = Release|Any CPU
		{23D14154-DDEE-4A86-B61C-4F03BA5AFBC7}.Debug|Any CPU.ActiveCfg = Debug|Any CPU
		{23D14154-DDEE-4A86-B61C-4F03BA5AFBC7}.Debug|Any CPU.Build.0 = Debug|Any CPU
		{23D14154-DDEE-4A86-B61C-4F03BA5AFBC7}.Release|Any CPU.ActiveCfg = Release|Any CPU
		{23D14154-DDEE-4A86-B61C-4F03BA5AFBC7}.Release|Any CPU.Build.0 = Release|Any CPU
	EndGlobalSection
	GlobalSection(SolutionProperties) = preSolution
		HideSolutionNode = FALSE
	EndGlobalSection
EndGlobal
